<?xml version="1.0" encoding="utf-8"?>
<Project ToolsVersion="4.0" xmlns="http://schemas.microsoft.com/developer/msbuild/2003">
  <ItemGroup>
    <Filter Include="Source Files">
      <UniqueIdentifier>{4FC737F1-C7A5-4376-A066-2A32D752A2FF}</UniqueIdentifier>
      <Extensions>cpp;c;cc;cxx;def;odl;idl;hpj;bat;asm;asmx</Extensions>
    </Filter>
    <Filter Include="Header Files">
      <UniqueIdentifier>{93995380-89BD-4b04-88EB-625FBE52EBFB}</UniqueIdentifier>
      <Extensions>h;hh;hpp;hxx;hm;inl;inc;xsd</Extensions>
    </Filter>
    <Filter Include="Resource Files">
      <UniqueIdentifier>{67DA6AB6-F800-4c08-8B7A-83BB121AAD01}</UniqueIdentifier>
      <Extensions>rc;ico;cur;bmp;dlg;rc2;rct;bin;rgs;gif;jpg;jpeg;jpe;resx;tiff;tif;png;wav;mfcribbon-ms</Extensions>
    </Filter>
    <Filter Include="Header Files\Actor">
      <UniqueIdentifier>{0692a593-6c4d-4bea-b172-4a5745ed22aa}</UniqueIdentifier>
    </Filter>
    <Filter Include="Source Files\Actor">
      <UniqueIdentifier>{f588aa96-0abd-4ca6-a3f8-f16f928b4f8d}</UniqueIdentifier>
    </Filter>
    <Filter Include="Header Files\BaseMain">
      <UniqueIdentifier>{b9ee3093-aceb-48c6-959b-dac724d7ff42}</UniqueIdentifier>
    </Filter>
    <Filter Include="Source Files\BaseMain">
      <UniqueIdentifier>{70df054c-f924-4b62-951f-8e6c2cc66b8d}</UniqueIdentifier>
    </Filter>
    <Filter Include="Header Files\BaseMain\MainLevel">
      <UniqueIdentifier>{b433a40c-a27e-413e-853b-0c5e570f8a42}</UniqueIdentifier>
    </Filter>
    <Filter Include="Source Files\BaseMain\MainLevel">
      <UniqueIdentifier>{8926088c-c87f-4ba4-801e-a06227c4efa6}</UniqueIdentifier>
    </Filter>
    <Filter Include="Source Files\UI">
      <UniqueIdentifier>{ad668be8-60b3-49a8-b0f9-e8c4598e8ffc}</UniqueIdentifier>
    </Filter>
    <Filter Include="Header Files\UI">
      <UniqueIdentifier>{aa77a1ae-c006-4890-bca4-8a40d82f2775}</UniqueIdentifier>
    </Filter>
    <Filter Include="Header Files\Textures">
      <UniqueIdentifier>{add06047-a3c3-4559-acf0-584d95b2eaa6}</UniqueIdentifier>
    </Filter>
    <Filter Include="Source Files\Textures">
      <UniqueIdentifier>{d36a78d2-9bab-4c8c-899e-abe5e8bcd0c4}</UniqueIdentifier>
    </Filter>
    <Filter Include="Source Files\Actor\Environ">
      <UniqueIdentifier>{c5f7349e-5144-4b03-9d6a-572c52ee5ef5}</UniqueIdentifier>
    </Filter>
    <Filter Include="Header Files\Actor\Environ">
      <UniqueIdentifier>{8366f78f-9ef6-4779-b7ff-7c056890e22b}</UniqueIdentifier>
    </Filter>
    <Filter Include="Header Files\Actor\Collider">
      <UniqueIdentifier>{d66b5baf-ab74-4c2f-a74d-5e6ef3c5d7aa}</UniqueIdentifier>
    </Filter>
    <Filter Include="Source Files\Actor\Collider">
      <UniqueIdentifier>{77c2a327-b107-4c65-8f6a-dbcfee1ff9f4}</UniqueIdentifier>
    </Filter>
    <Filter Include="Header Files\StateMachines">
      <UniqueIdentifier>{5f901c97-3d7f-4473-a90e-1be47202f1a8}</UniqueIdentifier>
    </Filter>
    <Filter Include="Header Files\StateMachines\Anim">
      <UniqueIdentifier>{a515767c-dfdc-4d63-b5d7-1f3958176e09}</UniqueIdentifier>
    </Filter>
    <Filter Include="Header Files\StateMachines\Anim\States">
      <UniqueIdentifier>{6e3850f4-6d3e-4958-9b86-6badeb6fca76}</UniqueIdentifier>
    </Filter>
    <Filter Include="Source Files\StateMachines">
      <UniqueIdentifier>{6c283688-27c4-480e-8d62-ec2a8fe31d0b}</UniqueIdentifier>
    </Filter>
    <Filter Include="Source Files\StateMachines\Anim">
      <UniqueIdentifier>{53a107f3-2f3d-40f8-82e7-f821fe7f81e2}</UniqueIdentifier>
    </Filter>
    <Filter Include="Source Files\StateMachines\Anim\States">
      <UniqueIdentifier>{4c74edff-db8b-4bbe-9790-17b0f770de31}</UniqueIdentifier>
    </Filter>
    <Filter Include="Source Files\StateMachines\AI">
      <UniqueIdentifier>{ca15436a-4b09-4695-a4ab-366c49986112}</UniqueIdentifier>
    </Filter>
    <Filter Include="Header Files\StateMachines\AI">
      <UniqueIdentifier>{c8f9bb50-ce6b-4674-9bb5-705d75cc0c49}</UniqueIdentifier>
    </Filter>
    <Filter Include="Header Files\StateMachines\AI\FishAI">
      <UniqueIdentifier>{137b47e4-dde9-4d1a-92c3-40435ab4c445}</UniqueIdentifier>
    </Filter>
    <Filter Include="Header Files\StateMachines\AI\FishAI\States">
      <UniqueIdentifier>{3b31e457-33de-4822-b196-5f5a81d65105}</UniqueIdentifier>
    </Filter>
    <Filter Include="Header Files\StateMachines\AI\EnemyAI">
      <UniqueIdentifier>{79f7f944-7635-4c60-895e-480edf9ecaaa}</UniqueIdentifier>
    </Filter>
    <Filter Include="Header Files\StateMachines\AI\EnemyAI\States">
      <UniqueIdentifier>{757b7a7b-1b33-4dd2-ab57-702bc1b31ce8}</UniqueIdentifier>
    </Filter>
    <Filter Include="Source Files\StateMachines\AI\FishAI">
      <UniqueIdentifier>{2da2b71b-e55a-4ac1-b6a0-3ce43dbd5958}</UniqueIdentifier>
    </Filter>
    <Filter Include="Source Files\StateMachines\AI\FishAI\States">
      <UniqueIdentifier>{325524a6-89f9-4c1b-97d7-ad7b4306fbc9}</UniqueIdentifier>
    </Filter>
    <Filter Include="Source Files\StateMachines\AI\EnemyAI">
      <UniqueIdentifier>{801f5120-0266-4ce2-b762-00c33308c7d6}</UniqueIdentifier>
    </Filter>
    <Filter Include="Source Files\StateMachines\AI\EnemyAI\States">
      <UniqueIdentifier>{b9223c91-2e54-4c27-8f7b-6ef3dde29c2f}</UniqueIdentifier>
    </Filter>
  </ItemGroup>
  <ItemGroup>
    <ClCompile Include="Application2D.cpp">
      <Filter>Source Files</Filter>
    </ClCompile>
    <ClCompile Include="main.cpp">
      <Filter>Source Files</Filter>
    </ClCompile>
    <ClCompile Include="GameManager.cpp">
      <Filter>Source Files</Filter>
    </ClCompile>
    <ClCompile Include="Actor.cpp">
      <Filter>Source Files\Actor</Filter>
    </ClCompile>
    <ClCompile Include="Player.cpp">
      <Filter>Source Files\Actor</Filter>
    </ClCompile>
    <ClCompile Include="MainLevel.cpp">
      <Filter>Source Files\BaseMain\MainLevel</Filter>
    </ClCompile>
    <ClCompile Include="Level01.cpp">
      <Filter>Source Files\BaseMain\MainLevel</Filter>
    </ClCompile>
    <ClCompile Include="BaseMain.cpp">
      <Filter>Source Files\BaseMain</Filter>
    </ClCompile>
    <ClCompile Include="Health.cpp">
      <Filter>Source Files\UI</Filter>
    </ClCompile>
    <ClCompile Include="Score.cpp">
      <Filter>Source Files\UI</Filter>
    </ClCompile>
    <ClCompile Include="CameraOperator.cpp">
      <Filter>Source Files\UI</Filter>
    </ClCompile>
    <ClCompile Include="MainMenu.cpp">
      <Filter>Source Files\BaseMain</Filter>
    </ClCompile>
    <ClCompile Include="Textures.cpp">
      <Filter>Source Files\Textures</Filter>
    </ClCompile>
    <ClCompile Include="UIElement.cpp">
      <Filter>Source Files\UI</Filter>
    </ClCompile>
    <ClCompile Include="Waves.cpp">
      <Filter>Source Files\Actor\Environ</Filter>
    </ClCompile>
    <ClCompile Include="Clouds.cpp">
      <Filter>Source Files\Actor\Environ</Filter>
    </ClCompile>
    <ClCompile Include="Environ.cpp">
      <Filter>Source Files\Actor\Environ</Filter>
    </ClCompile>
    <ClCompile Include="Enemy.cpp">
      <Filter>Source Files\Actor\Collider</Filter>
    </ClCompile>
    <ClCompile Include="Fish.cpp">
      <Filter>Source Files\Actor\Collider</Filter>
    </ClCompile>
    <ClCompile Include="Collider.cpp">
      <Filter>Source Files\Actor\Collider</Filter>
    </ClCompile>
    <ClCompile Include="StaticSprite.cpp">
      <Filter>Source Files</Filter>
    </ClCompile>
    <ClCompile Include="ColliderController.cpp">
      <Filter>Source Files\Actor\Collider</Filter>
    </ClCompile>
    <ClCompile Include="AnimFSM.cpp">
      <Filter>Source Files\StateMachines\Anim</Filter>
    </ClCompile>
  </ItemGroup>
  <ItemGroup>
    <ClInclude Include="Application2D.h">
      <Filter>Header Files</Filter>
    </ClInclude>
    <ClInclude Include="GameManager.h">
      <Filter>Header Files</Filter>
    </ClInclude>
    <ClInclude Include="Actor.h">
      <Filter>Header Files\Actor</Filter>
    </ClInclude>
    <ClInclude Include="Player.h">
      <Filter>Header Files\Actor</Filter>
    </ClInclude>
    <ClInclude Include="MainLevel.h">
      <Filter>Header Files\BaseMain\MainLevel</Filter>
    </ClInclude>
    <ClInclude Include="Level01.h">
      <Filter>Header Files\BaseMain\MainLevel</Filter>
    </ClInclude>
    <ClInclude Include="BaseMain.h">
      <Filter>Header Files\BaseMain</Filter>
    </ClInclude>
    <ClInclude Include="Health.h">
      <Filter>Header Files\UI</Filter>
    </ClInclude>
    <ClInclude Include="Score.h">
      <Filter>Header Files\UI</Filter>
    </ClInclude>
    <ClInclude Include="CameraOperator.h">
      <Filter>Header Files\UI</Filter>
    </ClInclude>
    <ClInclude Include="MainMenu.h">
      <Filter>Header Files\BaseMain</Filter>
    </ClInclude>
    <ClInclude Include="Textures.h">
      <Filter>Header Files\Textures</Filter>
    </ClInclude>
    <ClInclude Include="UIElement.h">
      <Filter>Header Files\UI</Filter>
    </ClInclude>
    <ClInclude Include="Environ.h">
      <Filter>Header Files\Actor\Environ</Filter>
    </ClInclude>
    <ClInclude Include="Clouds.h">
      <Filter>Header Files\Actor\Environ</Filter>
    </ClInclude>
    <ClInclude Include="Waves.h">
      <Filter>Header Files\Actor\Environ</Filter>
    </ClInclude>
    <ClInclude Include="Collider.h">
      <Filter>Header Files\Actor\Collider</Filter>
    </ClInclude>
    <ClInclude Include="Fish.h">
      <Filter>Header Files\Actor\Collider</Filter>
    </ClInclude>
    <ClInclude Include="Enemy.h">
      <Filter>Header Files\Actor\Collider</Filter>
    </ClInclude>
    <ClInclude Include="EnumColour.h">
      <Filter>Resource Files</Filter>
    </ClInclude>
    <ClInclude Include="StructResolution.h">
      <Filter>Resource Files</Filter>
    </ClInclude>
    <ClInclude Include="EnumTexture.h">
      <Filter>Resource Files</Filter>
    </ClInclude>
    <ClInclude Include="EnumLevel.h">
      <Filter>Resource Files</Filter>
    </ClInclude>
    <ClInclude Include="EnumActor.h">
      <Filter>Resource Files</Filter>
    </ClInclude>
    <ClInclude Include="StructPos.h">
      <Filter>Resource Files</Filter>
    </ClInclude>
    <ClInclude Include="StaticSprite.h">
      <Filter>Header Files</Filter>
    </ClInclude>
    <ClInclude Include="StructBarrier.h">
      <Filter>Resource Files</Filter>
    </ClInclude>
    <ClInclude Include="DynamicArray.h">
      <Filter>Resource Files</Filter>
    </ClInclude>
    <ClInclude Include="LinkedList.h">
      <Filter>Resource Files</Filter>
    </ClInclude>
    <ClInclude Include="Stack.h">
      <Filter>Resource Files</Filter>
    </ClInclude>
    <ClInclude Include="DeQue.h">
      <Filter>Resource Files</Filter>
    </ClInclude>
    <ClInclude Include="ColliderController.h">
      <Filter>Header Files\Actor\Collider</Filter>
    </ClInclude>
    <ClInclude Include="AnimFSM.h">
      <Filter>Header Files\StateMachines\Anim</Filter>
    </ClInclude>
    <ClInclude Include="EnumAnimStates.h">
      <Filter>Resource Files</Filter>
    </ClInclude>
  </ItemGroup>
</Project>